
Microsoft Visual Studio Solution File, Format Version 12.00
# Visual Studio 15
VisualStudioVersion = 15.0.26711.1
MinimumVisualStudioVersion = 10.0.40219.1
Project("{9A19103F-16F7-4668-BE54-9A1E7A4F7556}") = "BackEnd", "BackEnd\BackEnd.csproj", "{7E4A8AC3-FF76-45DB-8536-9853344B752E}"
EndProject
Project("{9A19103F-16F7-4668-BE54-9A1E7A4F7556}") = "ConferenceDTO", "ConferenceDTO\ConferenceDTO.csproj", "{4D694E84-4CA0-448B-A5AC-0A504EA82B06}"
EndProject
Project("{9A19103F-16F7-4668-BE54-9A1E7A4F7556}") = "FrontEnd", "FrontEnd\FrontEnd.csproj", "{97B7F075-401E-47FF-8177-392E648794A4}"
EndProject
Global
	GlobalSection(SolutionConfigurationPlatforms) = preSolution
		Debug|Any CPU = Debug|Any CPU
		Release|Any CPU = Release|Any CPU
	EndGlobalSection
	GlobalSection(ProjectConfigurationPlatforms) = postSolution
		{7E4A8AC3-FF76-45DB-8536-9853344B752E}.Debug|Any CPU.ActiveCfg = Debug|Any CPU
		{7E4A8AC3-FF76-45DB-8536-9853344B752E}.Debug|Any CPU.Build.0 = Debug|Any CPU
		{7E4A8AC3-FF76-45DB-8536-9853344B752E}.Release|Any CPU.ActiveCfg = Release|Any CPU
		{7E4A8AC3-FF76-45DB-8536-9853344B752E}.Release|Any CPU.Build.0 = Release|Any CPU
		{4D694E84-4CA0-448B-A5AC-0A504EA82B06}.Debug|Any CPU.ActiveCfg = Debug|Any CPU
		{4D694E84-4CA0-448B-A5AC-0A504EA82B06}.Debug|Any CPU.Build.0 = Debug|Any CPU
		{4D694E84-4CA0-448B-A5AC-0A504EA82B06}.Release|Any CPU.ActiveCfg = Release|Any CPU
		{4D694E84-4CA0-448B-A5AC-0A504EA82B06}.Release|Any CPU.Build.0 = Release|Any CPU
		{97B7F075-401E-47FF-8177-392E648794A4}.Debug|Any CPU.ActiveCfg = Debug|Any CPU
		{97B7F075-401E-47FF-8177-392E648794A4}.Debug|Any CPU.Build.0 = Debug|Any CPU
		{97B7F075-401E-47FF-8177-392E648794A4}.Release|Any CPU.ActiveCfg = Release|Any CPU
		{97B7F075-401E-47FF-8177-392E648794A4}.Release|Any CPU.Build.0 = Release|Any CPU
	EndGlobalSection
	GlobalSection(SolutionProperties) = preSolution
		HideSolutionNode = FALSE
	EndGlobalSection
	GlobalSection(ExtensibilityGlobals) = postSolution
		SolutionGuid = {F128D38C-2804-4A61-A1E5-AC9680A4C8DE}
	EndGlobalSection
EndGlobal
